
Microsoft Visual Studio Solution File, Format Version 12.00
# Visual Studio Version 16
VisualStudioVersion = 16.0.29519.87
MinimumVisualStudioVersion = 10.0.40219.1
Project("{FAE04EC0-301F-11D3-BF4B-00C04F79EFBC}") = "Chicken VS Chicken Game Server", "Chicken VS Chicken Game Server\Chicken VS Chicken Game Server.csproj", "{FE661E39-7427-468C-AA7E-DD5D9893E41C}"
EndProject
Project("{FAE04EC0-301F-11D3-BF4B-00C04F79EFBC}") = "Assembly-CSharp", "Chicken VS Chicken Client\Assembly-CSharp.csproj", "{06F46B25-3266-FF42-9C1F-86EDC580FE8C}"
	ProjectSection(ProjectDependencies) = postProject
		{4847219C-7486-4033-ADCC-FF6D92B9AE7E} = {4847219C-7486-4033-ADCC-FF6D92B9AE7E}
	EndProjectSection
EndProject
Project("{9A19103F-16F7-4668-BE54-9A1E7A4F7556}") = "SharedClassLibrary", "SharedClassLibrary\SharedClassLibrary.csproj", "{4847219C-7486-4033-ADCC-FF6D92B9AE7E}"
EndProject
Project("{FAE04EC0-301F-11D3-BF4B-00C04F79EFBC}") = "TestProject", "TestProject\TestProject.csproj", "{96E69D59-71D9-47D0-8120-F895387B2CEC}"
	ProjectSection(ProjectDependencies) = postProject
		{4847219C-7486-4033-ADCC-FF6D92B9AE7E} = {4847219C-7486-4033-ADCC-FF6D92B9AE7E}
	EndProjectSection
EndProject
Global
	GlobalSection(SolutionConfigurationPlatforms) = preSolution
		Debug|Any CPU = Debug|Any CPU
		Release|Any CPU = Release|Any CPU
	EndGlobalSection
	GlobalSection(ProjectConfigurationPlatforms) = postSolution
		{FE661E39-7427-468C-AA7E-DD5D9893E41C}.Debug|Any CPU.ActiveCfg = Debug|Any CPU
		{FE661E39-7427-468C-AA7E-DD5D9893E41C}.Debug|Any CPU.Build.0 = Debug|Any CPU
		{FE661E39-7427-468C-AA7E-DD5D9893E41C}.Release|Any CPU.ActiveCfg = Release|Any CPU
		{FE661E39-7427-468C-AA7E-DD5D9893E41C}.Release|Any CPU.Build.0 = Release|Any CPU
		{06F46B25-3266-FF42-9C1F-86EDC580FE8C}.Debug|Any CPU.ActiveCfg = Debug|Any CPU
		{06F46B25-3266-FF42-9C1F-86EDC580FE8C}.Debug|Any CPU.Build.0 = Debug|Any CPU
		{06F46B25-3266-FF42-9C1F-86EDC580FE8C}.Release|Any CPU.ActiveCfg = Release|Any CPU
		{06F46B25-3266-FF42-9C1F-86EDC580FE8C}.Release|Any CPU.Build.0 = Release|Any CPU
		{4847219C-7486-4033-ADCC-FF6D92B9AE7E}.Debug|Any CPU.ActiveCfg = Debug|Any CPU
		{4847219C-7486-4033-ADCC-FF6D92B9AE7E}.Debug|Any CPU.Build.0 = Debug|Any CPU
		{4847219C-7486-4033-ADCC-FF6D92B9AE7E}.Release|Any CPU.ActiveCfg = Release|Any CPU
		{4847219C-7486-4033-ADCC-FF6D92B9AE7E}.Release|Any CPU.Build.0 = Release|Any CPU
		{96E69D59-71D9-47D0-8120-F895387B2CEC}.Debug|Any CPU.ActiveCfg = Debug|Any CPU
		{96E69D59-71D9-47D0-8120-F895387B2CEC}.Debug|Any CPU.Build.0 = Debug|Any CPU
		{96E69D59-71D9-47D0-8120-F895387B2CEC}.Release|Any CPU.ActiveCfg = Release|Any CPU
		{96E69D59-71D9-47D0-8120-F895387B2CEC}.Release|Any CPU.Build.0 = Release|Any CPU
	EndGlobalSection
	GlobalSection(SolutionProperties) = preSolution
		HideSolutionNode = FALSE
	EndGlobalSection
	GlobalSection(ExtensibilityGlobals) = postSolution
		SolutionGuid = {10A5143A-416A-4584-B96C-1F109962459E}
	EndGlobalSection
EndGlobal
